
Microsoft Visual Studio Solution File, Format Version 12.00
# Visual Studio Version 16
VisualStudioVersion = 16.0.31205.134
MinimumVisualStudioVersion = 10.0.40219.1
Project("{9A19103F-16F7-4668-BE54-9A1E7A4F7556}") = "Editor", "Editor\Editor.csproj", "{A57354E1-3420-4ED1-8325-522C18B6BF6D}"
	ProjectSection(ProjectDependencies) = postProject
		{B7B3A11C-E651-42B3-958A-F04312FB8D19} = {B7B3A11C-E651-42B3-958A-F04312FB8D19}
		{D5565A7D-882B-45C9-B145-63FFFA3705DC} = {D5565A7D-882B-45C9-B145-63FFFA3705DC}
		{C1A78F9B-C658-4512-BA04-8CC1C9F076EF} = {C1A78F9B-C658-4512-BA04-8CC1C9F076EF}
		{6E582F0F-903E-4B6A-A647-D19C31AA52DB} = {6E582F0F-903E-4B6A-A647-D19C31AA52DB}
		{897610DF-608C-49F3-A533-6B272A4A115B} = {897610DF-608C-49F3-A533-6B272A4A115B}
		{FDAEA755-DB90-4F6D-98A4-980B647A063F} = {FDAEA755-DB90-4F6D-98A4-980B647A063F}
		{69FEE65C-7C16-49D0-A3D3-54E5353579C3} = {69FEE65C-7C16-49D0-A3D3-54E5353579C3}
		{BC115749-F975-4C6C-90BC-C6E5F3C1AD31} = {BC115749-F975-4C6C-90BC-C6E5F3C1AD31}
	EndProjectSection
EndProject
Project("{9A19103F-16F7-4668-BE54-9A1E7A4F7556}") = "Core", "Core\Core.csproj", "{CE0B5F13-C6DF-4591-B2E3-0CD9588D9764}"
EndProject
Project("{9A19103F-16F7-4668-BE54-9A1E7A4F7556}") = "Player", "Player\Player.csproj", "{897610DF-608C-49F3-A533-6B272A4A115B}"
	ProjectSection(ProjectDependencies) = postProject
		{CE0B5F13-C6DF-4591-B2E3-0CD9588D9764} = {CE0B5F13-C6DF-4591-B2E3-0CD9588D9764}
	EndProjectSection
EndProject
Project("{FAE04EC0-301F-11D3-BF4B-00C04F79EFBC}") = "SystemUi", "SystemUi\SystemUi.csproj", "{5F5437E3-66C2-467E-AD6D-5F3388C3FCAA}"
EndProject
Project("{FAE04EC0-301F-11D3-BF4B-00C04F79EFBC}") = "MsForms", "MsForms\MsForms.csproj", "{8D29BDE3-EE22-4EE5-981B-D45BAD0A1F03}"
EndProject
Project("{FAE04EC0-301F-11D3-BF4B-00C04F79EFBC}") = "Serialization", "Serialization\Serialization.csproj", "{E45D9AC2-BCD8-447F-AD72-96D2CFE41B39}"
EndProject
Project("{FAE04EC0-301F-11D3-BF4B-00C04F79EFBC}") = "Logging", "Logging\Logging.csproj", "{420772CC-2B45-431D-8B25-C5F1F28E0AFD}"
EndProject
Project("{FAE04EC0-301F-11D3-BF4B-00C04F79EFBC}") = "lib", "Operators\lib\lib.csproj", "{D5565A7D-882B-45C9-B145-63FFFA3705DC}"
	ProjectSection(ProjectDependencies) = postProject
		{B7B3A11C-E651-42B3-958A-F04312FB8D19} = {B7B3A11C-E651-42B3-958A-F04312FB8D19}
	EndProjectSection
EndProject
Project("{FAE04EC0-301F-11D3-BF4B-00C04F79EFBC}") = "libEditor", "Operators\libEditor\libEditor.csproj", "{CA1AA662-E0A5-4DA6-9070-1A42CEBF79FE}"
	ProjectSection(ProjectDependencies) = postProject
		{B7B3A11C-E651-42B3-958A-F04312FB8D19} = {B7B3A11C-E651-42B3-958A-F04312FB8D19}
	EndProjectSection
EndProject
Project("{FAE04EC0-301F-11D3-BF4B-00C04F79EFBC}") = "examples", "Operators\examples\examples.csproj", "{C1A78F9B-C658-4512-BA04-8CC1C9F076EF}"
	ProjectSection(ProjectDependencies) = postProject
		{D5565A7D-882B-45C9-B145-63FFFA3705DC} = {D5565A7D-882B-45C9-B145-63FFFA3705DC}
		{B7B3A11C-E651-42B3-958A-F04312FB8D19} = {B7B3A11C-E651-42B3-958A-F04312FB8D19}
	EndProjectSection
EndProject
Project("{FAE04EC0-301F-11D3-BF4B-00C04F79EFBC}") = "ProjectUpdater", "ProjectUpdater\ProjectUpdater.csproj", "{BC115749-F975-4C6C-90BC-C6E5F3C1AD31}"
EndProject
Project("{FAE04EC0-301F-11D3-BF4B-00C04F79EFBC}") = "TypeOperators", "Operators\TypeOperators\TypeOperators.csproj", "{B7B3A11C-E651-42B3-958A-F04312FB8D19}"
EndProject
Project("{FAE04EC0-301F-11D3-BF4B-00C04F79EFBC}") = "ndi", "Operators\Ndi\ndi.csproj", "{6E582F0F-903E-4B6A-A647-D19C31AA52DB}"
EndProject
Project("{FAE04EC0-301F-11D3-BF4B-00C04F79EFBC}") = "unsplash", "Operators\unsplash\unsplash.csproj", "{69FEE65C-7C16-49D0-A3D3-54E5353579C3}"
EndProject
Project("{FAE04EC0-301F-11D3-BF4B-00C04F79EFBC}") = "pixtur", "Operators\user\pixtur\pixtur.csproj", "{FDAEA755-DB90-4F6D-98A4-980B647A063F}"
EndProject
Project("{FAE04EC0-301F-11D3-BF4B-00C04F79EFBC}") = "SilkWindows", "SilkWindows\SilkWindows.csproj", "{6623F451-1F3B-4872-A9D1-EA0D4CA2DA90}"
EndProject
Project("{FAE04EC0-301F-11D3-BF4B-00C04F79EFBC}") = "SilkWindowTest", "SilkWindowTest\SilkWindowTest.csproj", "{CB80311D-C43C-4D53-BAE6-28116C07B7DD}"
EndProject
Project("{FAE04EC0-301F-11D3-BF4B-00C04F79EFBC}") = "ImguiWindows", "ImguiWindows\ImguiWindows.csproj", "{4BBDB15C-D8FA-4FFC-B39C-DD828FECFCF5}"
EndProject
Project("{FAE04EC0-301F-11D3-BF4B-00C04F79EFBC}") = "ProcessRunner", "ProcessRunner\ProcessRunner.csproj", "{FE16008C-9C2B-44CB-BE9B-D4F0422E0456}"
EndProject
Global
	GlobalSection(SolutionConfigurationPlatforms) = preSolution
		Debug|Any CPU = Debug|Any CPU
		Release|Any CPU = Release|Any CPU
	EndGlobalSection
	GlobalSection(ProjectConfigurationPlatforms) = postSolution
		{A57354E1-3420-4ED1-8325-522C18B6BF6D}.Debug|Any CPU.ActiveCfg = Debug|Any CPU
		{A57354E1-3420-4ED1-8325-522C18B6BF6D}.Debug|Any CPU.Build.0 = Debug|Any CPU
		{A57354E1-3420-4ED1-8325-522C18B6BF6D}.Release|Any CPU.ActiveCfg = Release|Any CPU
		{A57354E1-3420-4ED1-8325-522C18B6BF6D}.Release|Any CPU.Build.0 = Release|Any CPU
		{CE0B5F13-C6DF-4591-B2E3-0CD9588D9764}.Debug|Any CPU.ActiveCfg = Debug|Any CPU
		{CE0B5F13-C6DF-4591-B2E3-0CD9588D9764}.Debug|Any CPU.Build.0 = Debug|Any CPU
		{CE0B5F13-C6DF-4591-B2E3-0CD9588D9764}.Release|Any CPU.ActiveCfg = Release|Any CPU
		{CE0B5F13-C6DF-4591-B2E3-0CD9588D9764}.Release|Any CPU.Build.0 = Release|Any CPU
		{897610DF-608C-49F3-A533-6B272A4A115B}.Debug|Any CPU.ActiveCfg = Debug|Any CPU
		{897610DF-608C-49F3-A533-6B272A4A115B}.Debug|Any CPU.Build.0 = Debug|Any CPU
		{897610DF-608C-49F3-A533-6B272A4A115B}.Release|Any CPU.ActiveCfg = Release|Any CPU
		{897610DF-608C-49F3-A533-6B272A4A115B}.Release|Any CPU.Build.0 = Release|Any CPU
		{5F5437E3-66C2-467E-AD6D-5F3388C3FCAA}.Debug|Any CPU.ActiveCfg = Debug|Any CPU
		{5F5437E3-66C2-467E-AD6D-5F3388C3FCAA}.Debug|Any CPU.Build.0 = Debug|Any CPU
		{5F5437E3-66C2-467E-AD6D-5F3388C3FCAA}.Release|Any CPU.ActiveCfg = Release|Any CPU
		{5F5437E3-66C2-467E-AD6D-5F3388C3FCAA}.Release|Any CPU.Build.0 = Release|Any CPU
		{8D29BDE3-EE22-4EE5-981B-D45BAD0A1F03}.Debug|Any CPU.ActiveCfg = Debug|Any CPU
		{8D29BDE3-EE22-4EE5-981B-D45BAD0A1F03}.Debug|Any CPU.Build.0 = Debug|Any CPU
		{8D29BDE3-EE22-4EE5-981B-D45BAD0A1F03}.Release|Any CPU.ActiveCfg = Release|Any CPU
		{8D29BDE3-EE22-4EE5-981B-D45BAD0A1F03}.Release|Any CPU.Build.0 = Release|Any CPU
		{E45D9AC2-BCD8-447F-AD72-96D2CFE41B39}.Debug|Any CPU.ActiveCfg = Debug|Any CPU
		{E45D9AC2-BCD8-447F-AD72-96D2CFE41B39}.Debug|Any CPU.Build.0 = Debug|Any CPU
		{E45D9AC2-BCD8-447F-AD72-96D2CFE41B39}.Release|Any CPU.ActiveCfg = Release|Any CPU
		{E45D9AC2-BCD8-447F-AD72-96D2CFE41B39}.Release|Any CPU.Build.0 = Release|Any CPU
		{420772CC-2B45-431D-8B25-C5F1F28E0AFD}.Debug|Any CPU.ActiveCfg = Debug|Any CPU
		{420772CC-2B45-431D-8B25-C5F1F28E0AFD}.Debug|Any CPU.Build.0 = Debug|Any CPU
		{420772CC-2B45-431D-8B25-C5F1F28E0AFD}.Release|Any CPU.ActiveCfg = Release|Any CPU
		{420772CC-2B45-431D-8B25-C5F1F28E0AFD}.Release|Any CPU.Build.0 = Release|Any CPU
		{D5565A7D-882B-45C9-B145-63FFFA3705DC}.Debug|Any CPU.ActiveCfg = Debug|Any CPU
		{D5565A7D-882B-45C9-B145-63FFFA3705DC}.Debug|Any CPU.Build.0 = Debug|Any CPU
		{D5565A7D-882B-45C9-B145-63FFFA3705DC}.Release|Any CPU.ActiveCfg = Release|Any CPU
		{D5565A7D-882B-45C9-B145-63FFFA3705DC}.Release|Any CPU.Build.0 = Release|Any CPU
		{CA1AA662-E0A5-4DA6-9070-1A42CEBF79FE}.Debug|Any CPU.ActiveCfg = Debug|Any CPU
		{CA1AA662-E0A5-4DA6-9070-1A42CEBF79FE}.Debug|Any CPU.Build.0 = Debug|Any CPU
		{CA1AA662-E0A5-4DA6-9070-1A42CEBF79FE}.Release|Any CPU.ActiveCfg = Release|Any CPU
		{CA1AA662-E0A5-4DA6-9070-1A42CEBF79FE}.Release|Any CPU.Build.0 = Release|Any CPU
		{C1A78F9B-C658-4512-BA04-8CC1C9F076EF}.Debug|Any CPU.ActiveCfg = Debug|Any CPU
		{C1A78F9B-C658-4512-BA04-8CC1C9F076EF}.Debug|Any CPU.Build.0 = Debug|Any CPU
		{C1A78F9B-C658-4512-BA04-8CC1C9F076EF}.Release|Any CPU.ActiveCfg = Release|Any CPU
		{C1A78F9B-C658-4512-BA04-8CC1C9F076EF}.Release|Any CPU.Build.0 = Release|Any CPU
		{BC115749-F975-4C6C-90BC-C6E5F3C1AD31}.Debug|Any CPU.ActiveCfg = Debug|Any CPU
		{BC115749-F975-4C6C-90BC-C6E5F3C1AD31}.Debug|Any CPU.Build.0 = Debug|Any CPU
		{BC115749-F975-4C6C-90BC-C6E5F3C1AD31}.Release|Any CPU.ActiveCfg = Release|Any CPU
		{BC115749-F975-4C6C-90BC-C6E5F3C1AD31}.Release|Any CPU.Build.0 = Release|Any CPU
		{B7B3A11C-E651-42B3-958A-F04312FB8D19}.Debug|Any CPU.ActiveCfg = Debug|Any CPU
		{B7B3A11C-E651-42B3-958A-F04312FB8D19}.Debug|Any CPU.Build.0 = Debug|Any CPU
		{B7B3A11C-E651-42B3-958A-F04312FB8D19}.Release|Any CPU.ActiveCfg = Release|Any CPU
		{B7B3A11C-E651-42B3-958A-F04312FB8D19}.Release|Any CPU.Build.0 = Release|Any CPU
		{6E582F0F-903E-4B6A-A647-D19C31AA52DB}.Debug|Any CPU.ActiveCfg = Debug|Any CPU
		{6E582F0F-903E-4B6A-A647-D19C31AA52DB}.Debug|Any CPU.Build.0 = Debug|Any CPU
		{6E582F0F-903E-4B6A-A647-D19C31AA52DB}.Release|Any CPU.ActiveCfg = Release|Any CPU
		{6E582F0F-903E-4B6A-A647-D19C31AA52DB}.Release|Any CPU.Build.0 = Release|Any CPU
		{69FEE65C-7C16-49D0-A3D3-54E5353579C3}.Debug|Any CPU.ActiveCfg = Debug|Any CPU
		{69FEE65C-7C16-49D0-A3D3-54E5353579C3}.Debug|Any CPU.Build.0 = Debug|Any CPU
		{69FEE65C-7C16-49D0-A3D3-54E5353579C3}.Release|Any CPU.ActiveCfg = Release|Any CPU
		{69FEE65C-7C16-49D0-A3D3-54E5353579C3}.Release|Any CPU.Build.0 = Release|Any CPU
		{FDAEA755-DB90-4F6D-98A4-980B647A063F}.Debug|Any CPU.ActiveCfg = Debug|Any CPU
		{FDAEA755-DB90-4F6D-98A4-980B647A063F}.Debug|Any CPU.Build.0 = Debug|Any CPU
		{FDAEA755-DB90-4F6D-98A4-980B647A063F}.Release|Any CPU.ActiveCfg = Release|Any CPU
		{FDAEA755-DB90-4F6D-98A4-980B647A063F}.Release|Any CPU.Build.0 = Release|Any CPU
		{6623F451-1F3B-4872-A9D1-EA0D4CA2DA90}.Debug|Any CPU.ActiveCfg = Debug|Any CPU
		{6623F451-1F3B-4872-A9D1-EA0D4CA2DA90}.Debug|Any CPU.Build.0 = Debug|Any CPU
		{6623F451-1F3B-4872-A9D1-EA0D4CA2DA90}.Release|Any CPU.ActiveCfg = Release|Any CPU
		{6623F451-1F3B-4872-A9D1-EA0D4CA2DA90}.Release|Any CPU.Build.0 = Release|Any CPU
		{CB80311D-C43C-4D53-BAE6-28116C07B7DD}.Debug|Any CPU.ActiveCfg = Debug|Any CPU
		{CB80311D-C43C-4D53-BAE6-28116C07B7DD}.Debug|Any CPU.Build.0 = Debug|Any CPU
		{CB80311D-C43C-4D53-BAE6-28116C07B7DD}.Release|Any CPU.ActiveCfg = Release|Any CPU
		{CB80311D-C43C-4D53-BAE6-28116C07B7DD}.Release|Any CPU.Build.0 = Release|Any CPU
		{4BBDB15C-D8FA-4FFC-B39C-DD828FECFCF5}.Debug|Any CPU.ActiveCfg = Debug|Any CPU
		{4BBDB15C-D8FA-4FFC-B39C-DD828FECFCF5}.Debug|Any CPU.Build.0 = Debug|Any CPU
		{4BBDB15C-D8FA-4FFC-B39C-DD828FECFCF5}.Release|Any CPU.ActiveCfg = Release|Any CPU
		{4BBDB15C-D8FA-4FFC-B39C-DD828FECFCF5}.Release|Any CPU.Build.0 = Release|Any CPU
		{FE16008C-9C2B-44CB-BE9B-D4F0422E0456}.Debug|Any CPU.ActiveCfg = Debug|Any CPU
		{FE16008C-9C2B-44CB-BE9B-D4F0422E0456}.Debug|Any CPU.Build.0 = Debug|Any CPU
		{FE16008C-9C2B-44CB-BE9B-D4F0422E0456}.Release|Any CPU.ActiveCfg = Release|Any CPU
		{FE16008C-9C2B-44CB-BE9B-D4F0422E0456}.Release|Any CPU.Build.0 = Release|Any CPU
	EndGlobalSection
	GlobalSection(SolutionProperties) = preSolution
		HideSolutionNode = FALSE
	EndGlobalSection
	GlobalSection(ExtensibilityGlobals) = postSolution
		SolutionGuid = {A4762274-0254-404B-AFAC-B99D8CCD7D31}
	EndGlobalSection
EndGlobal
