
Microsoft Visual Studio Solution File, Format Version 12.00
# Visual Studio Version 16
VisualStudioVersion = 16.0.29230.47
MinimumVisualStudioVersion = 10.0.40219.1
Project("{FAE04EC0-301F-11D3-BF4B-00C04F79EFBC}") = "T3", "T3\T3.csproj", "{6E6E8E1A-D5F1-417F-9B4F-0758A935BF89}"
EndProject
Project("{FAE04EC0-301F-11D3-BF4B-00C04F79EFBC}") = "Core", "Core\Core.csproj", "{CE3C1BD6-89B6-4FD9-83F7-CD17D033F783}"
	ProjectSection(ProjectDependencies) = postProject
		{C27B1A08-CF2C-4C37-950D-55A5F67A0EF6} = {C27B1A08-CF2C-4C37-950D-55A5F67A0EF6}
		{83596B5B-B5D0-4CE7-9DB1-AAA3F8EED887} = {83596B5B-B5D0-4CE7-9DB1-AAA3F8EED887}
	EndProjectSection
EndProject
Project("{FAE04EC0-301F-11D3-BF4B-00C04F79EFBC}") = "CoreTests", "CoreTests\CoreTests.csproj", "{641EB86B-50CC-4725-BF6C-3A690758694E}"
EndProject
Project("{FAE04EC0-301F-11D3-BF4B-00C04F79EFBC}") = "Operators", "Operators\Operators.csproj", "{E36592ED-4678-4260-B65F-70DC8955F0DE}"
EndProject
Project("{FAE04EC0-301F-11D3-BF4B-00C04F79EFBC}") = "Player", "Player\Player.csproj", "{3B26D3F5-D43D-452C-8BBD-54B89A197AE6}"
EndProject
Global
	GlobalSection(SolutionConfigurationPlatforms) = preSolution
		Debug|Any CPU = Debug|Any CPU
		Debug|x64 = Debug|x64
		Debug|x86 = Debug|x86
		Release|Any CPU = Release|Any CPU
		Release|x64 = Release|x64
		Release|x86 = Release|x86
	EndGlobalSection
	GlobalSection(ProjectConfigurationPlatforms) = postSolution
		{6E6E8E1A-D5F1-417F-9B4F-0758A935BF89}.Debug|Any CPU.ActiveCfg = Debug|Any CPU
		{6E6E8E1A-D5F1-417F-9B4F-0758A935BF89}.Debug|Any CPU.Build.0 = Debug|Any CPU
		{6E6E8E1A-D5F1-417F-9B4F-0758A935BF89}.Debug|x64.ActiveCfg = Debug|x64
		{6E6E8E1A-D5F1-417F-9B4F-0758A935BF89}.Debug|x64.Build.0 = Debug|x64
		{6E6E8E1A-D5F1-417F-9B4F-0758A935BF89}.Debug|x86.ActiveCfg = Debug|x86
		{6E6E8E1A-D5F1-417F-9B4F-0758A935BF89}.Debug|x86.Build.0 = Debug|x86
		{6E6E8E1A-D5F1-417F-9B4F-0758A935BF89}.Release|Any CPU.ActiveCfg = Release|Any CPU
		{6E6E8E1A-D5F1-417F-9B4F-0758A935BF89}.Release|Any CPU.Build.0 = Release|Any CPU
		{6E6E8E1A-D5F1-417F-9B4F-0758A935BF89}.Release|x64.ActiveCfg = Release|x64
		{6E6E8E1A-D5F1-417F-9B4F-0758A935BF89}.Release|x64.Build.0 = Release|x64
		{6E6E8E1A-D5F1-417F-9B4F-0758A935BF89}.Release|x86.ActiveCfg = Release|x86
		{6E6E8E1A-D5F1-417F-9B4F-0758A935BF89}.Release|x86.Build.0 = Release|x86
		{CE3C1BD6-89B6-4FD9-83F7-CD17D033F783}.Debug|Any CPU.ActiveCfg = Debug|Any CPU
		{CE3C1BD6-89B6-4FD9-83F7-CD17D033F783}.Debug|Any CPU.Build.0 = Debug|Any CPU
		{CE3C1BD6-89B6-4FD9-83F7-CD17D033F783}.Debug|x64.ActiveCfg = Debug|Any CPU
		{CE3C1BD6-89B6-4FD9-83F7-CD17D033F783}.Debug|x64.Build.0 = Debug|Any CPU
		{CE3C1BD6-89B6-4FD9-83F7-CD17D033F783}.Debug|x86.ActiveCfg = Debug|Any CPU
		{CE3C1BD6-89B6-4FD9-83F7-CD17D033F783}.Debug|x86.Build.0 = Debug|Any CPU
		{CE3C1BD6-89B6-4FD9-83F7-CD17D033F783}.Release|Any CPU.ActiveCfg = Release|Any CPU
		{CE3C1BD6-89B6-4FD9-83F7-CD17D033F783}.Release|Any CPU.Build.0 = Release|Any CPU
		{CE3C1BD6-89B6-4FD9-83F7-CD17D033F783}.Release|x64.ActiveCfg = Release|Any CPU
		{CE3C1BD6-89B6-4FD9-83F7-CD17D033F783}.Release|x64.Build.0 = Release|Any CPU
		{CE3C1BD6-89B6-4FD9-83F7-CD17D033F783}.Release|x86.ActiveCfg = Release|Any CPU
		{CE3C1BD6-89B6-4FD9-83F7-CD17D033F783}.Release|x86.Build.0 = Release|Any CPU
		{641EB86B-50CC-4725-BF6C-3A690758694E}.Debug|Any CPU.ActiveCfg = Debug|Any CPU
		{641EB86B-50CC-4725-BF6C-3A690758694E}.Debug|Any CPU.Build.0 = Debug|Any CPU
		{641EB86B-50CC-4725-BF6C-3A690758694E}.Debug|x64.ActiveCfg = Debug|Any CPU
		{641EB86B-50CC-4725-BF6C-3A690758694E}.Debug|x64.Build.0 = Debug|Any CPU
		{641EB86B-50CC-4725-BF6C-3A690758694E}.Debug|x86.ActiveCfg = Debug|Any CPU
		{641EB86B-50CC-4725-BF6C-3A690758694E}.Debug|x86.Build.0 = Debug|Any CPU
		{641EB86B-50CC-4725-BF6C-3A690758694E}.Release|Any CPU.ActiveCfg = Release|Any CPU
		{641EB86B-50CC-4725-BF6C-3A690758694E}.Release|Any CPU.Build.0 = Release|Any CPU
		{641EB86B-50CC-4725-BF6C-3A690758694E}.Release|x64.ActiveCfg = Release|Any CPU
		{641EB86B-50CC-4725-BF6C-3A690758694E}.Release|x64.Build.0 = Release|Any CPU
		{641EB86B-50CC-4725-BF6C-3A690758694E}.Release|x86.ActiveCfg = Release|Any CPU
		{641EB86B-50CC-4725-BF6C-3A690758694E}.Release|x86.Build.0 = Release|Any CPU
		{E36592ED-4678-4260-B65F-70DC8955F0DE}.Debug|Any CPU.ActiveCfg = Debug|Any CPU
		{E36592ED-4678-4260-B65F-70DC8955F0DE}.Debug|Any CPU.Build.0 = Debug|Any CPU
		{E36592ED-4678-4260-B65F-70DC8955F0DE}.Debug|x64.ActiveCfg = Debug|Any CPU
		{E36592ED-4678-4260-B65F-70DC8955F0DE}.Debug|x64.Build.0 = Debug|Any CPU
		{E36592ED-4678-4260-B65F-70DC8955F0DE}.Debug|x86.ActiveCfg = Debug|Any CPU
		{E36592ED-4678-4260-B65F-70DC8955F0DE}.Debug|x86.Build.0 = Debug|Any CPU
		{E36592ED-4678-4260-B65F-70DC8955F0DE}.Release|Any CPU.ActiveCfg = Release|Any CPU
		{E36592ED-4678-4260-B65F-70DC8955F0DE}.Release|Any CPU.Build.0 = Release|Any CPU
		{E36592ED-4678-4260-B65F-70DC8955F0DE}.Release|x64.ActiveCfg = Release|Any CPU
		{E36592ED-4678-4260-B65F-70DC8955F0DE}.Release|x64.Build.0 = Release|Any CPU
		{E36592ED-4678-4260-B65F-70DC8955F0DE}.Release|x86.ActiveCfg = Release|Any CPU
		{E36592ED-4678-4260-B65F-70DC8955F0DE}.Release|x86.Build.0 = Release|Any CPU
		{3B26D3F5-D43D-452C-8BBD-54B89A197AE6}.Debug|Any CPU.ActiveCfg = Debug|Any CPU
		{3B26D3F5-D43D-452C-8BBD-54B89A197AE6}.Debug|Any CPU.Build.0 = Debug|Any CPU
		{3B26D3F5-D43D-452C-8BBD-54B89A197AE6}.Debug|x64.ActiveCfg = Debug|Any CPU
		{3B26D3F5-D43D-452C-8BBD-54B89A197AE6}.Debug|x64.Build.0 = Debug|Any CPU
		{3B26D3F5-D43D-452C-8BBD-54B89A197AE6}.Debug|x86.ActiveCfg = Debug|Any CPU
		{3B26D3F5-D43D-452C-8BBD-54B89A197AE6}.Debug|x86.Build.0 = Debug|Any CPU
		{3B26D3F5-D43D-452C-8BBD-54B89A197AE6}.Release|Any CPU.ActiveCfg = Release|Any CPU
		{3B26D3F5-D43D-452C-8BBD-54B89A197AE6}.Release|Any CPU.Build.0 = Release|Any CPU
		{3B26D3F5-D43D-452C-8BBD-54B89A197AE6}.Release|x64.ActiveCfg = Release|Any CPU
		{3B26D3F5-D43D-452C-8BBD-54B89A197AE6}.Release|x64.Build.0 = Release|Any CPU
		{3B26D3F5-D43D-452C-8BBD-54B89A197AE6}.Release|x86.ActiveCfg = Release|Any CPU
		{3B26D3F5-D43D-452C-8BBD-54B89A197AE6}.Release|x86.Build.0 = Release|Any CPU
	EndGlobalSection
	GlobalSection(SolutionProperties) = preSolution
		HideSolutionNode = FALSE
	EndGlobalSection
	GlobalSection(ExtensibilityGlobals) = postSolution
		SolutionGuid = {AF33DADA-28D4-4F3C-BA51-AB3649EEEAFA}
	EndGlobalSection
EndGlobal
