
Microsoft Visual Studio Solution File, Format Version 12.00
Project("{FAE04EC0-301F-11D3-BF4B-00C04F79EFBC}") = "alex1x", "alex1x\alex1x.csproj", "{3EE49F8B-0FAD-4A13-831B-EAB4D46A7888}"
EndProject
Project("{FAE04EC0-301F-11D3-BF4B-00C04F79EFBC}") = "ff", "ff\ff.csproj", "{8AE0D1B9-9FD3-4F75-8616-3493D387B887}"
EndProject
Project("{FAE04EC0-301F-11D3-BF4B-00C04F79EFBC}") = "fuzzy", "fuzzy\fuzzy.csproj", "{3763FE13-82B7-4B98-B4DB-ABE66178F40E}"
EndProject
Project("{FAE04EC0-301F-11D3-BF4B-00C04F79EFBC}") = "lucid", "lucid\lucid.csproj", "{7BC291D6-966E-41FC-B37C-DBB814A763F3}"
EndProject
Project("{FAE04EC0-301F-11D3-BF4B-00C04F79EFBC}") = "newemka980", "newemka980\newemka980.csproj", "{7903FB37-18DF-4B3C-AB83-AA85E0D7F545}"
EndProject
Project("{FAE04EC0-301F-11D3-BF4B-00C04F79EFBC}") = "pixtur", "pixtur\pixtur.csproj", "{D28BCCE1-1E50-49B0-9325-A966EF0DD161}"
EndProject
Project("{FAE04EC0-301F-11D3-BF4B-00C04F79EFBC}") = "still", "still\still.csproj", "{D9A8D0E3-DE46-40DA-93C4-700D1838BFFA}"
EndProject
Project("{FAE04EC0-301F-11D3-BF4B-00C04F79EFBC}") = "UnsplashLoader", "UnsplashLoader\UnsplashLoader.csproj", "{D96D17BA-6A7F-48FE-9ECC-6871ECFCFF12}"
EndProject
Project("{FAE04EC0-301F-11D3-BF4B-00C04F79EFBC}") = "wake", "wake\wake.csproj", "{30748C51-74F2-4F48-B2A6-D7257517BA2C}"
EndProject
Global
	GlobalSection(SolutionConfigurationPlatforms) = preSolution
		Debug|Any CPU = Debug|Any CPU
		Release|Any CPU = Release|Any CPU
	EndGlobalSection
	GlobalSection(ProjectConfigurationPlatforms) = postSolution
		{3EE49F8B-0FAD-4A13-831B-EAB4D46A7888}.Debug|Any CPU.ActiveCfg = Debug|Any CPU
		{3EE49F8B-0FAD-4A13-831B-EAB4D46A7888}.Debug|Any CPU.Build.0 = Debug|Any CPU
		{3EE49F8B-0FAD-4A13-831B-EAB4D46A7888}.Release|Any CPU.ActiveCfg = Release|Any CPU
		{3EE49F8B-0FAD-4A13-831B-EAB4D46A7888}.Release|Any CPU.Build.0 = Release|Any CPU
		{8AE0D1B9-9FD3-4F75-8616-3493D387B887}.Debug|Any CPU.ActiveCfg = Debug|Any CPU
		{8AE0D1B9-9FD3-4F75-8616-3493D387B887}.Debug|Any CPU.Build.0 = Debug|Any CPU
		{8AE0D1B9-9FD3-4F75-8616-3493D387B887}.Release|Any CPU.ActiveCfg = Release|Any CPU
		{8AE0D1B9-9FD3-4F75-8616-3493D387B887}.Release|Any CPU.Build.0 = Release|Any CPU
		{3763FE13-82B7-4B98-B4DB-ABE66178F40E}.Debug|Any CPU.ActiveCfg = Debug|Any CPU
		{3763FE13-82B7-4B98-B4DB-ABE66178F40E}.Debug|Any CPU.Build.0 = Debug|Any CPU
		{3763FE13-82B7-4B98-B4DB-ABE66178F40E}.Release|Any CPU.ActiveCfg = Release|Any CPU
		{3763FE13-82B7-4B98-B4DB-ABE66178F40E}.Release|Any CPU.Build.0 = Release|Any CPU
		{7BC291D6-966E-41FC-B37C-DBB814A763F3}.Debug|Any CPU.ActiveCfg = Debug|Any CPU
		{7BC291D6-966E-41FC-B37C-DBB814A763F3}.Debug|Any CPU.Build.0 = Debug|Any CPU
		{7BC291D6-966E-41FC-B37C-DBB814A763F3}.Release|Any CPU.ActiveCfg = Release|Any CPU
		{7BC291D6-966E-41FC-B37C-DBB814A763F3}.Release|Any CPU.Build.0 = Release|Any CPU
		{7903FB37-18DF-4B3C-AB83-AA85E0D7F545}.Debug|Any CPU.ActiveCfg = Debug|Any CPU
		{7903FB37-18DF-4B3C-AB83-AA85E0D7F545}.Debug|Any CPU.Build.0 = Debug|Any CPU
		{7903FB37-18DF-4B3C-AB83-AA85E0D7F545}.Release|Any CPU.ActiveCfg = Release|Any CPU
		{7903FB37-18DF-4B3C-AB83-AA85E0D7F545}.Release|Any CPU.Build.0 = Release|Any CPU
		{D28BCCE1-1E50-49B0-9325-A966EF0DD161}.Debug|Any CPU.ActiveCfg = Debug|Any CPU
		{D28BCCE1-1E50-49B0-9325-A966EF0DD161}.Debug|Any CPU.Build.0 = Debug|Any CPU
		{D28BCCE1-1E50-49B0-9325-A966EF0DD161}.Release|Any CPU.ActiveCfg = Release|Any CPU
		{D28BCCE1-1E50-49B0-9325-A966EF0DD161}.Release|Any CPU.Build.0 = Release|Any CPU
		{D9A8D0E3-DE46-40DA-93C4-700D1838BFFA}.Debug|Any CPU.ActiveCfg = Debug|Any CPU
		{D9A8D0E3-DE46-40DA-93C4-700D1838BFFA}.Debug|Any CPU.Build.0 = Debug|Any CPU
		{D9A8D0E3-DE46-40DA-93C4-700D1838BFFA}.Release|Any CPU.ActiveCfg = Release|Any CPU
		{D9A8D0E3-DE46-40DA-93C4-700D1838BFFA}.Release|Any CPU.Build.0 = Release|Any CPU
		{D96D17BA-6A7F-48FE-9ECC-6871ECFCFF12}.Debug|Any CPU.ActiveCfg = Debug|Any CPU
		{D96D17BA-6A7F-48FE-9ECC-6871ECFCFF12}.Debug|Any CPU.Build.0 = Debug|Any CPU
		{D96D17BA-6A7F-48FE-9ECC-6871ECFCFF12}.Release|Any CPU.ActiveCfg = Release|Any CPU
		{D96D17BA-6A7F-48FE-9ECC-6871ECFCFF12}.Release|Any CPU.Build.0 = Release|Any CPU
		{30748C51-74F2-4F48-B2A6-D7257517BA2C}.Debug|Any CPU.ActiveCfg = Debug|Any CPU
		{30748C51-74F2-4F48-B2A6-D7257517BA2C}.Debug|Any CPU.Build.0 = Debug|Any CPU
		{30748C51-74F2-4F48-B2A6-D7257517BA2C}.Release|Any CPU.ActiveCfg = Release|Any CPU
		{30748C51-74F2-4F48-B2A6-D7257517BA2C}.Release|Any CPU.Build.0 = Release|Any CPU
	EndGlobalSection
EndGlobal
